
Microsoft Visual Studio Solution File, Format Version 12.00
# Visual Studio Version 16
VisualStudioVersion = 16.0.30002.166
MinimumVisualStudioVersion = 10.0.40219.1
Project("{FAE04EC0-301F-11D3-BF4B-00C04F79EFBC}") = "EgzaminasPraktineUzduotis", "EgzaminasPraktineUzduotis\EgzaminasPraktineUzduotis.csproj", "{9C8819D3-2E93-4C50-BFA1-350E1367F97F}"
EndProject
Project("{FAE04EC0-301F-11D3-BF4B-00C04F79EFBC}") = "Tests", "Tests\Tests.csproj", "{296BA3A2-C8BD-4A26-9EBB-F275BBD4D903}"
EndProject
Project("{FAE04EC0-301F-11D3-BF4B-00C04F79EFBC}") = "ClassLibrary", "ClassLibrary\ClassLibrary.csproj", "{D460D318-99AB-4851-9E38-246FA9B30FC0}"
EndProject
Global
	GlobalSection(SolutionConfigurationPlatforms) = preSolution
		Debug|Any CPU = Debug|Any CPU
		Release|Any CPU = Release|Any CPU
	EndGlobalSection
	GlobalSection(ProjectConfigurationPlatforms) = postSolution
		{9C8819D3-2E93-4C50-BFA1-350E1367F97F}.Debug|Any CPU.ActiveCfg = Debug|Any CPU
		{9C8819D3-2E93-4C50-BFA1-350E1367F97F}.Debug|Any CPU.Build.0 = Debug|Any CPU
		{9C8819D3-2E93-4C50-BFA1-350E1367F97F}.Release|Any CPU.ActiveCfg = Release|Any CPU
		{9C8819D3-2E93-4C50-BFA1-350E1367F97F}.Release|Any CPU.Build.0 = Release|Any CPU
		{296BA3A2-C8BD-4A26-9EBB-F275BBD4D903}.Debug|Any CPU.ActiveCfg = Debug|Any CPU
		{296BA3A2-C8BD-4A26-9EBB-F275BBD4D903}.Debug|Any CPU.Build.0 = Debug|Any CPU
		{296BA3A2-C8BD-4A26-9EBB-F275BBD4D903}.Release|Any CPU.ActiveCfg = Release|Any CPU
		{296BA3A2-C8BD-4A26-9EBB-F275BBD4D903}.Release|Any CPU.Build.0 = Release|Any CPU
		{D460D318-99AB-4851-9E38-246FA9B30FC0}.Debug|Any CPU.ActiveCfg = Debug|Any CPU
		{D460D318-99AB-4851-9E38-246FA9B30FC0}.Debug|Any CPU.Build.0 = Debug|Any CPU
		{D460D318-99AB-4851-9E38-246FA9B30FC0}.Release|Any CPU.ActiveCfg = Release|Any CPU
		{D460D318-99AB-4851-9E38-246FA9B30FC0}.Release|Any CPU.Build.0 = Release|Any CPU
	EndGlobalSection
	GlobalSection(SolutionProperties) = preSolution
		HideSolutionNode = FALSE
	EndGlobalSection
	GlobalSection(ExtensibilityGlobals) = postSolution
		SolutionGuid = {1DCD49F5-24FC-46A1-912F-CBB3E0924914}
	EndGlobalSection
EndGlobal
